
Microsoft Visual Studio Solution File, Format Version 12.00
# Visual Studio Version 17
VisualStudioVersion = 17.5.33414.496
MinimumVisualStudioVersion = 10.0.40219.1
Project("{FAE04EC0-301F-11D3-BF4B-00C04F79EFBC}") = "Domashna.002", "Domashna.002\Domashna.002.csproj", "{2A07D554-1BD9-4CFB-B4D1-38B629ABFB7F}"
EndProject
Global
	GlobalSection(SolutionConfigurationPlatforms) = preSolution
		Debug|Any CPU = Debug|Any CPU
		Release|Any CPU = Release|Any CPU
	EndGlobalSection
	GlobalSection(ProjectConfigurationPlatforms) = postSolution
		{2A07D554-1BD9-4CFB-B4D1-38B629ABFB7F}.Debug|Any CPU.ActiveCfg = Debug|Any CPU
		{2A07D554-1BD9-4CFB-B4D1-38B629ABFB7F}.Debug|Any CPU.Build.0 = Debug|Any CPU
		{2A07D554-1BD9-4CFB-B4D1-38B629ABFB7F}.Release|Any CPU.ActiveCfg = Release|Any CPU
		{2A07D554-1BD9-4CFB-B4D1-38B629ABFB7F}.Release|Any CPU.Build.0 = Release|Any CPU
	EndGlobalSection
	GlobalSection(SolutionProperties) = preSolution
		HideSolutionNode = FALSE
	EndGlobalSection
	GlobalSection(ExtensibilityGlobals) = postSolution
		SolutionGuid = {339E7ABA-8382-4EA8-AB99-7D4005510499}
	EndGlobalSection
EndGlobal
