
Microsoft Visual Studio Solution File, Format Version 12.00
# Visual Studio Version 17
VisualStudioVersion = 17.5.33414.496
MinimumVisualStudioVersion = 10.0.40219.1
Project("{FAE04EC0-301F-11D3-BF4B-00C04F79EFBC}") = "Dokmashna03.Task04", "Dokmashna03.Task04\Dokmashna03.Task04.csproj", "{060BE85B-B436-460B-9674-95B348DED83C}"
EndProject
Global
	GlobalSection(SolutionConfigurationPlatforms) = preSolution
		Debug|Any CPU = Debug|Any CPU
		Release|Any CPU = Release|Any CPU
	EndGlobalSection
	GlobalSection(ProjectConfigurationPlatforms) = postSolution
		{060BE85B-B436-460B-9674-95B348DED83C}.Debug|Any CPU.ActiveCfg = Debug|Any CPU
		{060BE85B-B436-460B-9674-95B348DED83C}.Debug|Any CPU.Build.0 = Debug|Any CPU
		{060BE85B-B436-460B-9674-95B348DED83C}.Release|Any CPU.ActiveCfg = Release|Any CPU
		{060BE85B-B436-460B-9674-95B348DED83C}.Release|Any CPU.Build.0 = Release|Any CPU
	EndGlobalSection
	GlobalSection(SolutionProperties) = preSolution
		HideSolutionNode = FALSE
	EndGlobalSection
	GlobalSection(ExtensibilityGlobals) = postSolution
		SolutionGuid = {4C245738-A320-4078-852E-36EFFD5F5E9E}
	EndGlobalSection
EndGlobal
