
Microsoft Visual Studio Solution File, Format Version 12.00
# Visual Studio Version 17
VisualStudioVersion = 17.5.33414.496
MinimumVisualStudioVersion = 10.0.40219.1
Project("{FAE04EC0-301F-11D3-BF4B-00C04F79EFBC}") = "Domashna03.Task01", "..\Domashna03\Domashna03.Task01\Domashna03.Task01.csproj", "{48754A71-D4F9-4416-8008-18DECAD6C808}"
EndProject
Global
	GlobalSection(SolutionConfigurationPlatforms) = preSolution
		Debug|Any CPU = Debug|Any CPU
		Release|Any CPU = Release|Any CPU
	EndGlobalSection
	GlobalSection(ProjectConfigurationPlatforms) = postSolution
		{48754A71-D4F9-4416-8008-18DECAD6C808}.Debug|Any CPU.ActiveCfg = Debug|Any CPU
		{48754A71-D4F9-4416-8008-18DECAD6C808}.Debug|Any CPU.Build.0 = Debug|Any CPU
		{48754A71-D4F9-4416-8008-18DECAD6C808}.Release|Any CPU.ActiveCfg = Release|Any CPU
		{48754A71-D4F9-4416-8008-18DECAD6C808}.Release|Any CPU.Build.0 = Release|Any CPU
	EndGlobalSection
	GlobalSection(SolutionProperties) = preSolution
		HideSolutionNode = FALSE
	EndGlobalSection
	GlobalSection(ExtensibilityGlobals) = postSolution
		SolutionGuid = {30AF0D15-C0DB-4C12-908C-559E949D4087}
	EndGlobalSection
EndGlobal
